
Microsoft Visual Studio Solution File, Format Version 11.00
# Visual Basic Express 2010
Project("{F184B08F-C81C-45F6-A57F-5ABD9991F28F}") = "RockPaperScissors", "RockPaperScissors\RockPaperScissors.vbproj", "{F41B092E-2CD1-499F-8E5C-6E9C23338305}"
EndProject
Global
	GlobalSection(SolutionConfigurationPlatforms) = preSolution
		Debug|Any CPU = Debug|Any CPU
		Release|Any CPU = Release|Any CPU
	EndGlobalSection
	GlobalSection(ProjectConfigurationPlatforms) = postSolution
		{F41B092E-2CD1-499F-8E5C-6E9C23338305}.Debug|Any CPU.ActiveCfg = Debug|Any CPU
		{F41B092E-2CD1-499F-8E5C-6E9C23338305}.Debug|Any CPU.Build.0 = Debug|Any CPU
		{F41B092E-2CD1-499F-8E5C-6E9C23338305}.Release|Any CPU.ActiveCfg = Release|Any CPU
		{F41B092E-2CD1-499F-8E5C-6E9C23338305}.Release|Any CPU.Build.0 = Release|Any CPU
	EndGlobalSection
	GlobalSection(SolutionProperties) = preSolution
		HideSolutionNode = FALSE
	EndGlobalSection
EndGlobal
